
Microsoft Visual Studio Solution File, Format Version 12.00
# Visual Studio Version 17
VisualStudioVersion = 17.3.32901.215
MinimumVisualStudioVersion = 10.0.40219.1
Project("{FAE04EC0-301F-11D3-BF4B-00C04F79EFBC}") = "exe4_085", "exe4_085\exe4_085.csproj", "{E95D2D85-0516-4277-943E-BBC5C5750A2D}"
EndProject
Global
	GlobalSection(SolutionConfigurationPlatforms) = preSolution
		Debug|Any CPU = Debug|Any CPU
		Release|Any CPU = Release|Any CPU
	EndGlobalSection
	GlobalSection(ProjectConfigurationPlatforms) = postSolution
		{E95D2D85-0516-4277-943E-BBC5C5750A2D}.Debug|Any CPU.ActiveCfg = Debug|Any CPU
		{E95D2D85-0516-4277-943E-BBC5C5750A2D}.Debug|Any CPU.Build.0 = Debug|Any CPU
		{E95D2D85-0516-4277-943E-BBC5C5750A2D}.Release|Any CPU.ActiveCfg = Release|Any CPU
		{E95D2D85-0516-4277-943E-BBC5C5750A2D}.Release|Any CPU.Build.0 = Release|Any CPU
	EndGlobalSection
	GlobalSection(SolutionProperties) = preSolution
		HideSolutionNode = FALSE
	EndGlobalSection
	GlobalSection(ExtensibilityGlobals) = postSolution
		SolutionGuid = {D5BA6FC2-07A6-4423-B07D-ED9B99D4814E}
	EndGlobalSection
EndGlobal
